
Microsoft Visual Studio Solution File, Format Version 12.00
# Visual Studio 15
VisualStudioVersion = 15.0.27004.2010
MinimumVisualStudioVersion = 10.0.40219.1
Project("{FAE04EC0-301F-11D3-BF4B-00C04F79EFBC}") = "Automaty1", "Automaty1\Automaty1.csproj", "{13656808-29E3-42CB-B372-61DEDE1191F1}"
EndProject
Project("{FAE04EC0-301F-11D3-BF4B-00C04F79EFBC}") = "MySelenium", "MySelenium\MySelenium.csproj", "{CDF00451-FD73-48B3-8FAC-B9A787E4ED29}"
EndProject
Project("{2150E333-8FDC-42A3-9474-1A3956D46DE8}") = "PageObject", "PageObject", "{253DCCF1-C574-4C23-9177-E66053AC87C6}"
EndProject
Project("{FAE04EC0-301F-11D3-BF4B-00C04F79EFBC}") = "PageObjectBlogTests", "PageObjectBlogTests\PageObjectBlogTests.csproj", "{3EDDC0B3-B833-4704-A303-D0367E080FC2}"
EndProject
Global
	GlobalSection(SolutionConfigurationPlatforms) = preSolution
		Debug|Any CPU = Debug|Any CPU
		Release|Any CPU = Release|Any CPU
	EndGlobalSection
	GlobalSection(ProjectConfigurationPlatforms) = postSolution
		{13656808-29E3-42CB-B372-61DEDE1191F1}.Debug|Any CPU.ActiveCfg = Debug|Any CPU
		{13656808-29E3-42CB-B372-61DEDE1191F1}.Debug|Any CPU.Build.0 = Debug|Any CPU
		{13656808-29E3-42CB-B372-61DEDE1191F1}.Release|Any CPU.ActiveCfg = Release|Any CPU
		{13656808-29E3-42CB-B372-61DEDE1191F1}.Release|Any CPU.Build.0 = Release|Any CPU
		{CDF00451-FD73-48B3-8FAC-B9A787E4ED29}.Debug|Any CPU.ActiveCfg = Debug|Any CPU
		{CDF00451-FD73-48B3-8FAC-B9A787E4ED29}.Debug|Any CPU.Build.0 = Debug|Any CPU
		{CDF00451-FD73-48B3-8FAC-B9A787E4ED29}.Release|Any CPU.ActiveCfg = Release|Any CPU
		{CDF00451-FD73-48B3-8FAC-B9A787E4ED29}.Release|Any CPU.Build.0 = Release|Any CPU
		{3EDDC0B3-B833-4704-A303-D0367E080FC2}.Debug|Any CPU.ActiveCfg = Debug|Any CPU
		{3EDDC0B3-B833-4704-A303-D0367E080FC2}.Debug|Any CPU.Build.0 = Debug|Any CPU
		{3EDDC0B3-B833-4704-A303-D0367E080FC2}.Release|Any CPU.ActiveCfg = Release|Any CPU
		{3EDDC0B3-B833-4704-A303-D0367E080FC2}.Release|Any CPU.Build.0 = Release|Any CPU
	EndGlobalSection
	GlobalSection(SolutionProperties) = preSolution
		HideSolutionNode = FALSE
	EndGlobalSection
	GlobalSection(NestedProjects) = preSolution
		{3EDDC0B3-B833-4704-A303-D0367E080FC2} = {253DCCF1-C574-4C23-9177-E66053AC87C6}
	EndGlobalSection
	GlobalSection(ExtensibilityGlobals) = postSolution
		SolutionGuid = {5C2305EE-3753-4408-9B6E-5D1AE7C37DAB}
	EndGlobalSection
EndGlobal
